// !$*UTF8*$!
{
	archiveVersion = 1;
	classes = {
	};
	objectVersion = 50;
	objects = {

/* Begin PBXBuildFile section */
		9F1B5C8223EC6B52004FBCD0 /* AppDelegate.swift in Sources */ = {isa = PBXBuildFile; fileRef = 9F1B5C8123EC6B52004FBCD0 /* AppDelegate.swift */; };
		9F1B5C8423EC6B52004FBCD0 /* SceneDelegate.swift in Sources */ = {isa = PBXBuildFile; fileRef = 9F1B5C8323EC6B52004FBCD0 /* SceneDelegate.swift */; };
		9F1B5C8B23EC6B58004FBCD0 /* Assets.xcassets in Resources */ = {isa = PBXBuildFile; fileRef = 9F1B5C8A23EC6B58004FBCD0 /* Assets.xcassets */; };
		9F1B5C8E23EC6B58004FBCD0 /* LaunchScreen.storyboard in Resources */ = {isa = PBXBuildFile; fileRef = 9F1B5C8C23EC6B58004FBCD0 /* LaunchScreen.storyboard */; };
		9F1B5C9923EC6B58004FBCD0 /* NYCTopStoriesTests.swift in Sources */ = {isa = PBXBuildFile; fileRef = 9F1B5C9823EC6B58004FBCD0 /* NYCTopStoriesTests.swift */; };
		9F1B5CA423EC6C32004FBCD0 /* TopStoriesTabController.swift in Sources */ = {isa = PBXBuildFile; fileRef = 9F1B5CA323EC6C32004FBCD0 /* TopStoriesTabController.swift */; };
/* End PBXBuildFile section */

/* Begin PBXContainerItemProxy section */
		9F1B5C9523EC6B58004FBCD0 /* PBXContainerItemProxy */ = {
			isa = PBXContainerItemProxy;
			containerPortal = 9F1B5C7623EC6B52004FBCD0 /* Project object */;
			proxyType = 1;
			remoteGlobalIDString = 9F1B5C7D23EC6B52004FBCD0;
			remoteInfo = NYCTopStories;
		};
/* End PBXContainerItemProxy section */

/* Begin PBXFileReference section */
		9F1B5C7E23EC6B52004FBCD0 /* NYCTopStories.app */ = {isa = PBXFileReference; explicitFileType = wrapper.application; includeInIndex = 0; path = NYCTopStories.app; sourceTree = BUILT_PRODUCTS_DIR; };
		9F1B5C8123EC6B52004FBCD0 /* AppDelegate.swift */ = {isa = PBXFileReference; lastKnownFileType = sourcecode.swift; path = AppDelegate.swift; sourceTree = "<group>"; };
		9F1B5C8323EC6B52004FBCD0 /* SceneDelegate.swift */ = {isa = PBXFileReference; lastKnownFileType = sourcecode.swift; path = SceneDelegate.swift; sourceTree = "<group>"; };
		9F1B5C8A23EC6B58004FBCD0 /* Assets.xcassets */ = {isa = PBXFileReference; lastKnownFileType = folder.assetcatalog; path = Assets.xcassets; sourceTree = "<group>"; };
		9F1B5C8D23EC6B58004FBCD0 /* Base */ = {isa = PBXFileReference; lastKnownFileType = file.storyboard; name = Base; path = Base.lproj/LaunchScreen.storyboard; sourceTree = "<group>"; };
		9F1B5C8F23EC6B58004FBCD0 /* Info.plist */ = {isa = PBXFileReference; lastKnownFileType = text.plist.xml; path = Info.plist; sourceTree = "<group>"; };
		9F1B5C9423EC6B58004FBCD0 /* NYCTopStoriesTests.xctest */ = {isa = PBXFileReference; explicitFileType = wrapper.cfbundle; includeInIndex = 0; path = NYCTopStoriesTests.xctest; sourceTree = BUILT_PRODUCTS_DIR; };
		9F1B5C9823EC6B58004FBCD0 /* NYCTopStoriesTests.swift */ = {isa = PBXFileReference; lastKnownFileType = sourcecode.swift; path = NYCTopStoriesTests.swift; sourceTree = "<group>"; };
		9F1B5C9A23EC6B58004FBCD0 /* Info.plist */ = {isa = PBXFileReference; lastKnownFileType = text.plist.xml; path = Info.plist; sourceTree = "<group>"; };
		9F1B5CA323EC6C32004FBCD0 /* TopStoriesTabController.swift */ = {isa = PBXFileReference; lastKnownFileType = sourcecode.swift; path = TopStoriesTabController.swift; sourceTree = "<group>"; };
/* End PBXFileReference section */

/* Begin PBXFrameworksBuildPhase section */
		9F1B5C7B23EC6B52004FBCD0 /* Frameworks */ = {
			isa = PBXFrameworksBuildPhase;
			buildActionMask = 2147483647;
			files = (
			);
			runOnlyForDeploymentPostprocessing = 0;
		};
		9F1B5C9123EC6B58004FBCD0 /* Frameworks */ = {
			isa = PBXFrameworksBuildPhase;
			buildActionMask = 2147483647;
			files = (
			);
			runOnlyForDeploymentPostprocessing = 0;
		};
/* End PBXFrameworksBuildPhase section */

/* Begin PBXGroup section */
		9F1B5C7523EC6B52004FBCD0 = {
			isa = PBXGroup;
			children = (
				9F1B5C8023EC6B52004FBCD0 /* NYCTopStories */,
				9F1B5C9723EC6B58004FBCD0 /* NYCTopStoriesTests */,
				9F1B5C7F23EC6B52004FBCD0 /* Products */,
			);
			sourceTree = "<group>";
		};
		9F1B5C7F23EC6B52004FBCD0 /* Products */ = {
			isa = PBXGroup;
			children = (
				9F1B5C7E23EC6B52004FBCD0 /* NYCTopStories.app */,
				9F1B5C9423EC6B58004FBCD0 /* NYCTopStoriesTests.xctest */,
			);
			name = Products;
			sourceTree = "<group>";
		};
		9F1B5C8023EC6B52004FBCD0 /* NYCTopStories */ = {
			isa = PBXGroup;
			children = (
				9F1B5C8123EC6B52004FBCD0 /* AppDelegate.swift */,
				9F1B5C8323EC6B52004FBCD0 /* SceneDelegate.swift */,
				9F1B5CA323EC6C32004FBCD0 /* TopStoriesTabController.swift */,
				9F1B5C8A23EC6B58004FBCD0 /* Assets.xcassets */,
				9F1B5C8C23EC6B58004FBCD0 /* LaunchScreen.storyboard */,
				9F1B5C8F23EC6B58004FBCD0 /* Info.plist */,
			);
			path = NYCTopStories;
			sourceTree = "<group>";
		};
		9F1B5C9723EC6B58004FBCD0 /* NYCTopStoriesTests */ = {
			isa = PBXGroup;
			children = (
				9F1B5C9823EC6B58004FBCD0 /* NYCTopStoriesTests.swift */,
				9F1B5C9A23EC6B58004FBCD0 /* Info.plist */,
			);
			path = NYCTopStoriesTests;
			sourceTree = "<group>";
		};
/* End PBXGroup section */

/* Begin PBXNativeTarget section */
		9F1B5C7D23EC6B52004FBCD0 /* NYCTopStories */ = {
			isa = PBXNativeTarget;
			buildConfigurationList = 9F1B5C9D23EC6B58004FBCD0 /* Build configuration list for PBXNativeTarget "NYCTopStories" */;
			buildPhases = (
				9F1B5C7A23EC6B52004FBCD0 /* Sources */,
				9F1B5C7B23EC6B52004FBCD0 /* Frameworks */,
				9F1B5C7C23EC6B52004FBCD0 /* Resources */,
			);
			buildRules = (
			);
			dependencies = (
			);
			name = NYCTopStories;
			productName = NYCTopStories;
			productReference = 9F1B5C7E23EC6B52004FBCD0 /* NYCTopStories.app */;
			productType = "com.apple.product-type.application";
		};
		9F1B5C9323EC6B58004FBCD0 /* NYCTopStoriesTests */ = {
			isa = PBXNativeTarget;
			buildConfigurationList = 9F1B5CA023EC6B58004FBCD0 /* Build configuration list for PBXNativeTarget "NYCTopStoriesTests" */;
			buildPhases = (
				9F1B5C9023EC6B58004FBCD0 /* Sources */,
				9F1B5C9123EC6B58004FBCD0 /* Frameworks */,
				9F1B5C9223EC6B58004FBCD0 /* Resources */,
			);
			buildRules = (
			);
			dependencies = (
				9F1B5C9623EC6B58004FBCD0 /* PBXTargetDependency */,
			);
			name = NYCTopStoriesTests;
			productName = NYCTopStoriesTests;
			productReference = 9F1B5C9423EC6B58004FBCD0 /* NYCTopStoriesTests.xctest */;
			productType = "com.apple.product-type.bundle.unit-test";
		};
/* End PBXNativeTarget section */

/* Begin PBXProject section */
		9F1B5C7623EC6B52004FBCD0 /* Project object */ = {
			isa = PBXProject;
			attributes = {
				LastSwiftUpdateCheck = 1130;
				LastUpgradeCheck = 1130;
				ORGANIZATIONNAME = "Margiett Gil";
				TargetAttributes = {
					9F1B5C7D23EC6B52004FBCD0 = {
						CreatedOnToolsVersion = 11.3;
					};
					9F1B5C9323EC6B58004FBCD0 = {
						CreatedOnToolsVersion = 11.3;
						TestTargetID = 9F1B5C7D23EC6B52004FBCD0;
					};
				};
			};
			buildConfigurationList = 9F1B5C7923EC6B52004FBCD0 /* Build configuration list for PBXProject "NYCTopStories" */;
			compatibilityVersion = "Xcode 9.3";
			developmentRegion = en;
			hasScannedForEncodings = 0;
			knownRegions = (
				en,
				Base,
			);
			mainGroup = 9F1B5C7523EC6B52004FBCD0;
			productRefGroup = 9F1B5C7F23EC6B52004FBCD0 /* Products */;
			projectDirPath = "";
			projectRoot = "";
			targets = (
				9F1B5C7D23EC6B52004FBCD0 /* NYCTopStories */,
				9F1B5C9323EC6B58004FBCD0 /* NYCTopStoriesTests */,
			);
		};
/* End PBXProject section */

/* Begin PBXResourcesBuildPhase section */
		9F1B5C7C23EC6B52004FBCD0 /* Resources */ = {
			isa = PBXResourcesBuildPhase;
			buildActionMask = 2147483647;
			files = (
				9F1B5C8E23EC6B58004FBCD0 /* LaunchScreen.storyboard in Resources */,
				9F1B5C8B23EC6B58004FBCD0 /* Assets.xcassets in Resources */,
			);
			runOnlyForDeploymentPostprocessing = 0;
		};
		9F1B5C9223EC6B58004FBCD0 /* Resources */ = {
			isa = PBXResourcesBuildPhase;
			buildActionMask = 2147483647;
			files = (
			);
			runOnlyForDeploymentPostprocessing = 0;
		};
/* End PBXResourcesBuildPhase section */

/* Begin PBXSourcesBuildPhase section */
		9F1B5C7A23EC6B52004FBCD0 /* Sources */ = {
			isa = PBXSourcesBuildPhase;
			buildActionMask = 2147483647;
			files = (
				9F1B5C8223EC6B52004FBCD0 /* AppDelegate.swift in Sources */,
				9F1B5CA423EC6C32004FBCD0 /* TopStoriesTabController.swift in Sources */,
				9F1B5C8423EC6B52004FBCD0 /* SceneDelegate.swift in Sources */,
			);
			runOnlyForDeploymentPostprocessing = 0;
		};
		9F1B5C9023EC6B58004FBCD0 /* Sources */ = {
			isa = PBXSourcesBuildPhase;
			buildActionMask = 2147483647;
			files = (
				9F1B5C9923EC6B58004FBCD0 /* NYCTopStoriesTests.swift in Sources */,
			);
			runOnlyForDeploymentPostprocessing = 0;
		};
/* End PBXSourcesBuildPhase section */

/* Begin PBXTargetDependency section */
		9F1B5C9623EC6B58004FBCD0 /* PBXTargetDependency */ = {
			isa = PBXTargetDependency;
			target = 9F1B5C7D23EC6B52004FBCD0 /* NYCTopStories */;
			targetProxy = 9F1B5C9523EC6B58004FBCD0 /* PBXContainerItemProxy */;
		};
/* End PBXTargetDependency section */

/* Begin PBXVariantGroup section */
		9F1B5C8C23EC6B58004FBCD0 /* LaunchScreen.storyboard */ = {
			isa = PBXVariantGroup;
			children = (
				9F1B5C8D23EC6B58004FBCD0 /* Base */,
			);
			name = LaunchScreen.storyboard;
			sourceTree = "<group>";
		};
/* End PBXVariantGroup section */

/* Begin XCBuildConfiguration section */
		9F1B5C9B23EC6B58004FBCD0 /* Debug */ = {
			isa = XCBuildConfiguration;
			buildSettings = {
				ALWAYS_SEARCH_USER_PATHS = NO;
				CLANG_ANALYZER_NONNULL = YES;
				CLANG_ANALYZER_NUMBER_OBJECT_CONVERSION = YES_AGGRESSIVE;
				CLANG_CXX_LANGUAGE_STANDARD = "gnu++14";
				CLANG_CXX_LIBRARY = "libc++";
				CLANG_ENABLE_MODULES = YES;
				CLANG_ENABLE_OBJC_ARC = YES;
				CLANG_ENABLE_OBJC_WEAK = YES;
				CLANG_WARN_BLOCK_CAPTURE_AUTORELEASING = YES;
				CLANG_WARN_BOOL_CONVERSION = YES;
				CLANG_WARN_COMMA = YES;
				CLANG_WARN_CONSTANT_CONVERSION = YES;
				CLANG_WARN_DEPRECATED_OBJC_IMPLEMENTATIONS = YES;
				CLANG_WARN_DIRECT_OBJC_ISA_USAGE = YES_ERROR;
				CLANG_WARN_DOCUMENTATION_COMMENTS = YES;
				CLANG_WARN_EMPTY_BODY = YES;
				CLANG_WARN_ENUM_CONVERSION = YES;
				CLANG_WARN_INFINITE_RECURSION = YES;
				CLANG_WARN_INT_CONVERSION = YES;
				CLANG_WARN_NON_LITERAL_NULL_CONVERSION = YES;
				CLANG_WARN_OBJC_IMPLICIT_RETAIN_SELF = YES;
				CLANG_WARN_OBJC_LITERAL_CONVERSION = YES;
				CLANG_WARN_OBJC_ROOT_CLASS = YES_ERROR;
				CLANG_WARN_RANGE_LOOP_ANALYSIS = YES;
				CLANG_WARN_STRICT_PROTOTYPES = YES;
				CLANG_WARN_SUSPICIOUS_MOVE = YES;
				CLANG_WARN_UNGUARDED_AVAILABILITY = YES_AGGRESSIVE;
				CLANG_WARN_UNREACHABLE_CODE = YES;
				CLANG_WARN__DUPLICATE_METHOD_MATCH = YES;
				COPY_PHASE_STRIP = NO;
				DEBUG_INFORMATION_FORMAT = dwarf;
				ENABLE_STRICT_OBJC_MSGSEND = YES;
				ENABLE_TESTABILITY = YES;
				GCC_C_LANGUAGE_STANDARD = gnu11;
				GCC_DYNAMIC_NO_PIC = NO;
				GCC_NO_COMMON_BLOCKS = YES;
				GCC_OPTIMIZATION_LEVEL = 0;
				GCC_PREPROCESSOR_DEFINITIONS = (
					"DEBUG=1",
					"$(inherited)",
				);
				GCC_WARN_64_TO_32_BIT_CONVERSION = YES;
				GCC_WARN_ABOUT_RETURN_TYPE = YES_ERROR;
				GCC_WARN_UNDECLARED_SELECTOR = YES;
				GCC_WARN_UNINITIALIZED_AUTOS = YES_AGGRESSIVE;
				GCC_WARN_UNUSED_FUNCTION = YES;
				GCC_WARN_UNUSED_VARIABLE = YES;
				IPHONEOS_DEPLOYMENT_TARGET = 13.2;
				MTL_ENABLE_DEBUG_INFO = INCLUDE_SOURCE;
				MTL_FAST_MATH = YES;
				ONLY_ACTIVE_ARCH = YES;
				SDKROOT = iphoneos;
				SWIFT_ACTIVE_COMPILATION_CONDITIONS = DEBUG;
				SWIFT_OPTIMIZATION_LEVEL = "-Onone";
			};
			name = Debug;
		};
		9F1B5C9C23EC6B58004FBCD0 /* Release */ = {
			isa = XCBuildConfiguration;
			buildSettings = {
				ALWAYS_SEARCH_USER_PATHS = NO;
				CLANG_ANALYZER_NONNULL = YES;
				CLANG_ANALYZER_NUMBER_OBJECT_CONVERSION = YES_AGGRESSIVE;
				CLANG_CXX_LANGUAGE_STANDARD = "gnu++14";
				CLANG_CXX_LIBRARY = "libc++";
				CLANG_ENABLE_MODULES = YES;
				CLANG_ENABLE_OBJC_ARC = YES;
				CLANG_ENABLE_OBJC_WEAK = YES;
				CLANG_WARN_BLOCK_CAPTURE_AUTORELEASING = YES;
				CLANG_WARN_BOOL_CONVERSION = YES;
				CLANG_WARN_COMMA = YES;
				CLANG_WARN_CONSTANT_CONVERSION = YES;
				CLANG_WARN_DEPRECATED_OBJC_IMPLEMENTATIONS = YES;
				CLANG_WARN_DIRECT_OBJC_ISA_USAGE = YES_ERROR;
				CLANG_WARN_DOCUMENTATION_COMMENTS = YES;
				CLANG_WARN_EMPTY_BODY = YES;
				CLANG_WARN_ENUM_CONVERSION = YES;
				CLANG_WARN_INFINITE_RECURSION = YES;
				CLANG_WARN_INT_CONVERSION = YES;
				CLANG_WARN_NON_LITERAL_NULL_CONVERSION = YES;
				CLANG_WARN_OBJC_IMPLICIT_RETAIN_SELF = YES;
				CLANG_WARN_OBJC_LITERAL_CONVERSION = YES;
				CLANG_WARN_OBJC_ROOT_CLASS = YES_ERROR;
				CLANG_WARN_RANGE_LOOP_ANALYSIS = YES;
				CLANG_WARN_STRICT_PROTOTYPES = YES;
				CLANG_WARN_SUSPICIOUS_MOVE = YES;
				CLANG_WARN_UNGUARDED_AVAILABILITY = YES_AGGRESSIVE;
				CLANG_WARN_UNREACHABLE_CODE = YES;
				CLANG_WARN__DUPLICATE_METHOD_MATCH = YES;
				COPY_PHASE_STRIP = NO;
				DEBUG_INFORMATION_FORMAT = "dwarf-with-dsym";
				ENABLE_NS_ASSERTIONS = NO;
				ENABLE_STRICT_OBJC_MSGSEND = YES;
				GCC_C_LANGUAGE_STANDARD = gnu11;
				GCC_NO_COMMON_BLOCKS = YES;
				GCC_WARN_64_TO_32_BIT_CONVERSION = YES;
				GCC_WARN_ABOUT_RETURN_TYPE = YES_ERROR;
				GCC_WARN_UNDECLARED_SELECTOR = YES;
				GCC_WARN_UNINITIALIZED_AUTOS = YES_AGGRESSIVE;
				GCC_WARN_UNUSED_FUNCTION = YES;
				GCC_WARN_UNUSED_VARIABLE = YES;
				IPHONEOS_DEPLOYMENT_TARGET = 13.2;
				MTL_ENABLE_DEBUG_INFO = NO;
				MTL_FAST_MATH = YES;
				SDKROOT = iphoneos;
				SWIFT_COMPILATION_MODE = wholemodule;
				SWIFT_OPTIMIZATION_LEVEL = "-O";
				VALIDATE_PRODUCT = YES;
			};
			name = Release;
		};
		9F1B5C9E23EC6B58004FBCD0 /* Debug */ = {
			isa = XCBuildConfiguration;
			buildSettings = {
				ASSETCATALOG_COMPILER_APPICON_NAME = AppIcon;
				CODE_SIGN_STYLE = Automatic;
				DEVELOPMENT_TEAM = J35376R2S6;
				INFOPLIST_FILE = NYCTopStories/Info.plist;
				LD_RUNPATH_SEARCH_PATHS = (
					"$(inherited)",
					"@executable_path/Frameworks",
				);
				PRODUCT_BUNDLE_IDENTIFIER = com.Margiett.NYCTopStories;
				PRODUCT_NAME = "$(TARGET_NAME)";
				SWIFT_VERSION = 5.0;
				TARGETED_DEVICE_FAMILY = "1,2";
			};
			name = Debug;
		};
		9F1B5C9F23EC6B58004FBCD0 /* Release */ = {
			isa = XCBuildConfiguration;
			buildSettings = {
				ASSETCATALOG_COMPILER_APPICON_NAME = AppIcon;
				CODE_SIGN_STYLE = Automatic;
				DEVELOPMENT_TEAM = J35376R2S6;
				INFOPLIST_FILE = NYCTopStories/Info.plist;
				LD_RUNPATH_SEARCH_PATHS = (
					"$(inherited)",
					"@executable_path/Frameworks",
				);
				PRODUCT_BUNDLE_IDENTIFIER = com.Margiett.NYCTopStories;
				PRODUCT_NAME = "$(TARGET_NAME)";
				SWIFT_VERSION = 5.0;
				TARGETED_DEVICE_FAMILY = "1,2";
			};
			name = Release;
		};
		9F1B5CA123EC6B58004FBCD0 /* Debug */ = {
			isa = XCBuildConfiguration;
			buildSettings = {
				ALWAYS_EMBED_SWIFT_STANDARD_LIBRARIES = YES;
				BUNDLE_LOADER = "$(TEST_HOST)";
				CODE_SIGN_STYLE = Automatic;
				DEVELOPMENT_TEAM = J35376R2S6;
				INFOPLIST_FILE = NYCTopStoriesTests/Info.plist;
				IPHONEOS_DEPLOYMENT_TARGET = 13.2;
				LD_RUNPATH_SEARCH_PATHS = (
					"$(inherited)",
					"@executable_path/Frameworks",
					"@loader_path/Frameworks",
				);
				PRODUCT_BUNDLE_IDENTIFIER = com.Margiett.NYCTopStoriesTests;
				PRODUCT_NAME = "$(TARGET_NAME)";
				SWIFT_VERSION = 5.0;
				TARGETED_DEVICE_FAMILY = "1,2";
				TEST_HOST = "$(BUILT_PRODUCTS_DIR)/NYCTopStories.app/NYCTopStories";
			};
			name = Debug;
		};
		9F1B5CA223EC6B58004FBCD0 /* Release */ = {
			isa = XCBuildConfiguration;
			buildSettings = {
				ALWAYS_EMBED_SWIFT_STANDARD_LIBRARIES = YES;
				BUNDLE_LOADER = "$(TEST_HOST)";
				CODE_SIGN_STYLE = Automatic;
				DEVELOPMENT_TEAM = J35376R2S6;
				INFOPLIST_FILE = NYCTopStoriesTests/Info.plist;
				IPHONEOS_DEPLOYMENT_TARGET = 13.2;
				LD_RUNPATH_SEARCH_PATHS = (
					"$(inherited)",
					"@executable_path/Frameworks",
					"@loader_path/Frameworks",
				);
				PRODUCT_BUNDLE_IDENTIFIER = com.Margiett.NYCTopStoriesTests;
				PRODUCT_NAME = "$(TARGET_NAME)";
				SWIFT_VERSION = 5.0;
				TARGETED_DEVICE_FAMILY = "1,2";
				TEST_HOST = "$(BUILT_PRODUCTS_DIR)/NYCTopStories.app/NYCTopStories";
			};
			name = Release;
		};
/* End XCBuildConfiguration section */

/* Begin XCConfigurationList section */
		9F1B5C7923EC6B52004FBCD0 /* Build configuration list for PBXProject "NYCTopStories" */ = {
			isa = XCConfigurationList;
			buildConfigurations = (
				9F1B5C9B23EC6B58004FBCD0 /* Debug */,
				9F1B5C9C23EC6B58004FBCD0 /* Release */,
			);
			defaultConfigurationIsVisible = 0;
			defaultConfigurationName = Release;
		};
		9F1B5C9D23EC6B58004FBCD0 /* Build configuration list for PBXNativeTarget "NYCTopStories" */ = {
			isa = XCConfigurationList;
			buildConfigurations = (
				9F1B5C9E23EC6B58004FBCD0 /* Debug */,
				9F1B5C9F23EC6B58004FBCD0 /* Release */,
			);
			defaultConfigurationIsVisible = 0;
			defaultConfigurationName = Release;
		};
		9F1B5CA023EC6B58004FBCD0 /* Build configuration list for PBXNativeTarget "NYCTopStoriesTests" */ = {
			isa = XCConfigurationList;
			buildConfigurations = (
				9F1B5CA123EC6B58004FBCD0 /* Debug */,
				9F1B5CA223EC6B58004FBCD0 /* Release */,
			);
			defaultConfigurationIsVisible = 0;
			defaultConfigurationName = Release;
		};
/* End XCConfigurationList section */
	};
	rootObject = 9F1B5C7623EC6B52004FBCD0 /* Project object */;
}
